// !$*UTF8*$!
{
	archiveVersion = 1;
	classes = {
	};
	objectVersion = 48;
	objects = {

/* Begin PBXBuildFile section */
		2C1CB9472049B8F100410892 /* AppDelegate.swift in Sources */ = {isa = PBXBuildFile; fileRef = 2C1CB9462049B8F100410892 /* AppDelegate.swift */; };
		2C1CB94F2049B8F100410892 /* ProjectCarmex.xcdatamodeld in Sources */ = {isa = PBXBuildFile; fileRef = 2C1CB94D2049B8F100410892 /* ProjectCarmex.xcdatamodeld */; };
		2C1CB9512049B8F100410892 /* Assets.xcassets in Resources */ = {isa = PBXBuildFile; fileRef = 2C1CB9502049B8F100410892 /* Assets.xcassets */; };
		2C1CB95C2049BDA700410892 /* GoogleService-Info.plist in Resources */ = {isa = PBXBuildFile; fileRef = 2C1CB95B2049BDA700410892 /* GoogleService-Info.plist */; };
		2C57A9CB2049FD7500CF675F /* Main.storyboard in Resources */ = {isa = PBXBuildFile; fileRef = 2C57A9CA2049FD7500CF675F /* Main.storyboard */; };
		2C57A9CF2049FD9C00CF675F /* homeScreen.swift in Sources */ = {isa = PBXBuildFile; fileRef = 2C57A9CC2049FD9C00CF675F /* homeScreen.swift */; };
		2C57A9D02049FD9C00CF675F /* createMenuViewController.swift in Sources */ = {isa = PBXBuildFile; fileRef = 2C57A9CD2049FD9C00CF675F /* createMenuViewController.swift */; };
		2C57A9D12049FD9C00CF675F /* joinMenuViewController.swift in Sources */ = {isa = PBXBuildFile; fileRef = 2C57A9CE2049FD9C00CF675F /* joinMenuViewController.swift */; };
		A2257249D8C44C66485A90F2 /* Pods_ProjectCarmex.framework in Frameworks */ = {isa = PBXBuildFile; fileRef = D5EF5D880844ABBD3D54DF90 /* Pods_ProjectCarmex.framework */; };
/* End PBXBuildFile section */

/* Begin PBXFileReference section */
		0DBEAFBDE3A1A1B5770C9CB3 /* Pods-ProjectCarmex.debug.xcconfig */ = {isa = PBXFileReference; includeInIndex = 1; lastKnownFileType = text.xcconfig; name = "Pods-ProjectCarmex.debug.xcconfig"; path = "Pods/Target Support Files/Pods-ProjectCarmex/Pods-ProjectCarmex.debug.xcconfig"; sourceTree = "<group>"; };
		2C1CB9432049B8F100410892 /* ProjectCarmex.app */ = {isa = PBXFileReference; explicitFileType = wrapper.application; includeInIndex = 0; path = ProjectCarmex.app; sourceTree = BUILT_PRODUCTS_DIR; };
		2C1CB9462049B8F100410892 /* AppDelegate.swift */ = {isa = PBXFileReference; lastKnownFileType = sourcecode.swift; path = AppDelegate.swift; sourceTree = "<group>"; };
		2C1CB94E2049B8F100410892 /* ProjectCarmex.xcdatamodel */ = {isa = PBXFileReference; lastKnownFileType = wrapper.xcdatamodel; path = ProjectCarmex.xcdatamodel; sourceTree = "<group>"; };
		2C1CB9502049B8F100410892 /* Assets.xcassets */ = {isa = PBXFileReference; lastKnownFileType = folder.assetcatalog; path = Assets.xcassets; sourceTree = "<group>"; };
		2C1CB9552049B8F100410892 /* Info.plist */ = {isa = PBXFileReference; lastKnownFileType = text.plist.xml; path = Info.plist; sourceTree = "<group>"; };
		2C1CB95B2049BDA700410892 /* GoogleService-Info.plist */ = {isa = PBXFileReference; fileEncoding = 4; lastKnownFileType = text.plist.xml; path = "GoogleService-Info.plist"; sourceTree = "<group>"; };
		2C57A9CA2049FD7500CF675F /* Main.storyboard */ = {isa = PBXFileReference; fileEncoding = 4; lastKnownFileType = file.storyboard; path = Main.storyboard; sourceTree = "<group>"; };
		2C57A9CC2049FD9C00CF675F /* homeScreen.swift */ = {isa = PBXFileReference; fileEncoding = 4; lastKnownFileType = sourcecode.swift; path = homeScreen.swift; sourceTree = "<group>"; };
		2C57A9CD2049FD9C00CF675F /* createMenuViewController.swift */ = {isa = PBXFileReference; fileEncoding = 4; lastKnownFileType = sourcecode.swift; path = createMenuViewController.swift; sourceTree = "<group>"; };
		2C57A9CE2049FD9C00CF675F /* joinMenuViewController.swift */ = {isa = PBXFileReference; fileEncoding = 4; lastKnownFileType = sourcecode.swift; path = joinMenuViewController.swift; sourceTree = "<group>"; };
		57E6428771E49C421B12F22D /* Pods-ProjectCarmex.release.xcconfig */ = {isa = PBXFileReference; includeInIndex = 1; lastKnownFileType = text.xcconfig; name = "Pods-ProjectCarmex.release.xcconfig"; path = "Pods/Target Support Files/Pods-ProjectCarmex/Pods-ProjectCarmex.release.xcconfig"; sourceTree = "<group>"; };
		D5EF5D880844ABBD3D54DF90 /* Pods_ProjectCarmex.framework */ = {isa = PBXFileReference; explicitFileType = wrapper.framework; includeInIndex = 0; path = Pods_ProjectCarmex.framework; sourceTree = BUILT_PRODUCTS_DIR; };
/* End PBXFileReference section */

/* Begin PBXFrameworksBuildPhase section */
		2C1CB9402049B8F100410892 /* Frameworks */ = {
			isa = PBXFrameworksBuildPhase;
			buildActionMask = 2147483647;
			files = (
				A2257249D8C44C66485A90F2 /* Pods_ProjectCarmex.framework in Frameworks */,
			);
			runOnlyForDeploymentPostprocessing = 0;
		};
/* End PBXFrameworksBuildPhase section */

/* Begin PBXGroup section */
		2C1CB93A2049B8F100410892 = {
			isa = PBXGroup;
			children = (
				2C1CB9452049B8F100410892 /* ProjectCarmex */,
				2C1CB9442049B8F100410892 /* Products */,
				E143142F01737A71236632CA /* Pods */,
				896101E64B1CED0C25FD806F /* Frameworks */,
			);
			sourceTree = "<group>";
		};
		2C1CB9442049B8F100410892 /* Products */ = {
			isa = PBXGroup;
			children = (
				2C1CB9432049B8F100410892 /* ProjectCarmex.app */,
			);
			name = Products;
			sourceTree = "<group>";
		};
		2C1CB9452049B8F100410892 /* ProjectCarmex */ = {
			isa = PBXGroup;
			children = (
				2C1CB9462049B8F100410892 /* AppDelegate.swift */,
				2C57A9CA2049FD7500CF675F /* Main.storyboard */,
				2C57A9CD2049FD9C00CF675F /* createMenuViewController.swift */,
				2C57A9CC2049FD9C00CF675F /* homeScreen.swift */,
				2C57A9CE2049FD9C00CF675F /* joinMenuViewController.swift */,
				2C1CB9502049B8F100410892 /* Assets.xcassets */,
				2C1CB9552049B8F100410892 /* Info.plist */,
				2C1CB94D2049B8F100410892 /* ProjectCarmex.xcdatamodeld */,
				2C1CB95B2049BDA700410892 /* GoogleService-Info.plist */,
			);
			path = ProjectCarmex;
			sourceTree = "<group>";
		};
		896101E64B1CED0C25FD806F /* Frameworks */ = {
			isa = PBXGroup;
			children = (
				D5EF5D880844ABBD3D54DF90 /* Pods_ProjectCarmex.framework */,
			);
			name = Frameworks;
			sourceTree = "<group>";
		};
		E143142F01737A71236632CA /* Pods */ = {
			isa = PBXGroup;
			children = (
				0DBEAFBDE3A1A1B5770C9CB3 /* Pods-ProjectCarmex.debug.xcconfig */,
				57E6428771E49C421B12F22D /* Pods-ProjectCarmex.release.xcconfig */,
			);
			name = Pods;
			sourceTree = "<group>";
		};
/* End PBXGroup section */

/* Begin PBXNativeTarget section */
		2C1CB9422049B8F100410892 /* ProjectCarmex */ = {
			isa = PBXNativeTarget;
			buildConfigurationList = 2C1CB9582049B8F100410892 /* Build configuration list for PBXNativeTarget "ProjectCarmex" */;
			buildPhases = (
				9027C41E2EBB5C7200BE63FC /* [CP] Check Pods Manifest.lock */,
				2C1CB93F2049B8F100410892 /* Sources */,
				2C1CB9402049B8F100410892 /* Frameworks */,
				2C1CB9412049B8F100410892 /* Resources */,
				53C28A0344C275DA8EC144FB /* [CP] Embed Pods Frameworks */,
				A909F995F20F46F03B2BAA15 /* [CP] Copy Pods Resources */,
			);
			buildRules = (
			);
			dependencies = (
			);
			name = ProjectCarmex;
			productName = ProjectCarmex;
			productReference = 2C1CB9432049B8F100410892 /* ProjectCarmex.app */;
			productType = "com.apple.product-type.application";
		};
/* End PBXNativeTarget section */

/* Begin PBXProject section */
		2C1CB93B2049B8F100410892 /* Project object */ = {
			isa = PBXProject;
			attributes = {
				LastSwiftUpdateCheck = 0920;
				LastUpgradeCheck = 0920;
				ORGANIZATIONNAME = GSSystems;
				TargetAttributes = {
					2C1CB9422049B8F100410892 = {
						CreatedOnToolsVersion = 9.2;
						ProvisioningStyle = Automatic;
					};
				};
			};
			buildConfigurationList = 2C1CB93E2049B8F100410892 /* Build configuration list for PBXProject "ProjectCarmex" */;
			compatibilityVersion = "Xcode 8.0";
			developmentRegion = en;
			hasScannedForEncodings = 0;
			knownRegions = (
				en,
				Base,
			);
			mainGroup = 2C1CB93A2049B8F100410892;
			productRefGroup = 2C1CB9442049B8F100410892 /* Products */;
			projectDirPath = "";
			projectRoot = "";
			targets = (
				2C1CB9422049B8F100410892 /* ProjectCarmex */,
			);
		};
/* End PBXProject section */

/* Begin PBXResourcesBuildPhase section */
		2C1CB9412049B8F100410892 /* Resources */ = {
			isa = PBXResourcesBuildPhase;
			buildActionMask = 2147483647;
			files = (
				2C57A9CB2049FD7500CF675F /* Main.storyboard in Resources */,
				2C1CB95C2049BDA700410892 /* GoogleService-Info.plist in Resources */,
				2C1CB9512049B8F100410892 /* Assets.xcassets in Resources */,
			);
			runOnlyForDeploymentPostprocessing = 0;
		};
/* End PBXResourcesBuildPhase section */

/* Begin PBXShellScriptBuildPhase section */
		53C28A0344C275DA8EC144FB /* [CP] Embed Pods Frameworks */ = {
			isa = PBXShellScriptBuildPhase;
			buildActionMask = 2147483647;
			files = (
			);
			inputPaths = (
				"${SRCROOT}/Pods/Target Support Files/Pods-ProjectCarmex/Pods-ProjectCarmex-frameworks.sh",
				"${BUILT_PRODUCTS_DIR}/GoogleToolboxForMac/GoogleToolboxForMac.framework",
				"${BUILT_PRODUCTS_DIR}/nanopb/nanopb.framework",
			);
			name = "[CP] Embed Pods Frameworks";
			outputPaths = (
				"${TARGET_BUILD_DIR}/${FRAMEWORKS_FOLDER_PATH}/GoogleToolboxForMac.framework",
				"${TARGET_BUILD_DIR}/${FRAMEWORKS_FOLDER_PATH}/nanopb.framework",
			);
			runOnlyForDeploymentPostprocessing = 0;
			shellPath = /bin/sh;
			shellScript = "\"${SRCROOT}/Pods/Target Support Files/Pods-ProjectCarmex/Pods-ProjectCarmex-frameworks.sh\"\n";
			showEnvVarsInLog = 0;
		};
		9027C41E2EBB5C7200BE63FC /* [CP] Check Pods Manifest.lock */ = {
			isa = PBXShellScriptBuildPhase;
			buildActionMask = 2147483647;
			files = (
			);
			inputPaths = (
				"${PODS_PODFILE_DIR_PATH}/Podfile.lock",
				"${PODS_ROOT}/Manifest.lock",
			);
			name = "[CP] Check Pods Manifest.lock";
			outputPaths = (
				"$(DERIVED_FILE_DIR)/Pods-ProjectCarmex-checkManifestLockResult.txt",
			);
			runOnlyForDeploymentPostprocessing = 0;
			shellPath = /bin/sh;
			shellScript = "diff \"${PODS_PODFILE_DIR_PATH}/Podfile.lock\" \"${PODS_ROOT}/Manifest.lock\" > /dev/null\nif [ $? != 0 ] ; then\n    # print error to STDERR\n    echo \"error: The sandbox is not in sync with the Podfile.lock. Run 'pod install' or update your CocoaPods installation.\" >&2\n    exit 1\nfi\n# This output is used by Xcode 'outputs' to avoid re-running this script phase.\necho \"SUCCESS\" > \"${SCRIPT_OUTPUT_FILE_0}\"\n";
			showEnvVarsInLog = 0;
		};
		A909F995F20F46F03B2BAA15 /* [CP] Copy Pods Resources */ = {
			isa = PBXShellScriptBuildPhase;
			buildActionMask = 2147483647;
			files = (
			);
			inputPaths = (
			);
			name = "[CP] Copy Pods Resources";
			outputPaths = (
			);
			runOnlyForDeploymentPostprocessing = 0;
			shellPath = /bin/sh;
			shellScript = "\"${SRCROOT}/Pods/Target Support Files/Pods-ProjectCarmex/Pods-ProjectCarmex-resources.sh\"\n";
			showEnvVarsInLog = 0;
		};
/* End PBXShellScriptBuildPhase section */

/* Begin PBXSourcesBuildPhase section */
		2C1CB93F2049B8F100410892 /* Sources */ = {
			isa = PBXSourcesBuildPhase;
			buildActionMask = 2147483647;
			files = (
				2C57A9CF2049FD9C00CF675F /* homeScreen.swift in Sources */,
				2C57A9D12049FD9C00CF675F /* joinMenuViewController.swift in Sources */,
				2C1CB94F2049B8F100410892 /* ProjectCarmex.xcdatamodeld in Sources */,
				2C1CB9472049B8F100410892 /* AppDelegate.swift in Sources */,
				2C57A9D02049FD9C00CF675F /* createMenuViewController.swift in Sources */,
			);
			runOnlyForDeploymentPostprocessing = 0;
		};
/* End PBXSourcesBuildPhase section */

/* Begin XCBuildConfiguration section */
		2C1CB9562049B8F100410892 /* Debug */ = {
			isa = XCBuildConfiguration;
			buildSettings = {
				ALWAYS_SEARCH_USER_PATHS = NO;
				CLANG_ANALYZER_NONNULL = YES;
				CLANG_ANALYZER_NUMBER_OBJECT_CONVERSION = YES_AGGRESSIVE;
				CLANG_CXX_LANGUAGE_STANDARD = "gnu++14";
				CLANG_CXX_LIBRARY = "libc++";
				CLANG_ENABLE_MODULES = YES;
				CLANG_ENABLE_OBJC_ARC = YES;
				CLANG_WARN_BLOCK_CAPTURE_AUTORELEASING = YES;
				CLANG_WARN_BOOL_CONVERSION = YES;
				CLANG_WARN_COMMA = YES;
				CLANG_WARN_CONSTANT_CONVERSION = YES;
				CLANG_WARN_DIRECT_OBJC_ISA_USAGE = YES_ERROR;
				CLANG_WARN_DOCUMENTATION_COMMENTS = YES;
				CLANG_WARN_EMPTY_BODY = YES;
				CLANG_WARN_ENUM_CONVERSION = YES;
				CLANG_WARN_INFINITE_RECURSION = YES;
				CLANG_WARN_INT_CONVERSION = YES;
				CLANG_WARN_NON_LITERAL_NULL_CONVERSION = YES;
				CLANG_WARN_OBJC_LITERAL_CONVERSION = YES;
				CLANG_WARN_OBJC_ROOT_CLASS = YES_ERROR;
				CLANG_WARN_RANGE_LOOP_ANALYSIS = YES;
				CLANG_WARN_STRICT_PROTOTYPES = YES;
				CLANG_WARN_SUSPICIOUS_MOVE = YES;
				CLANG_WARN_UNGUARDED_AVAILABILITY = YES_AGGRESSIVE;
				CLANG_WARN_UNREACHABLE_CODE = YES;
				CLANG_WARN__DUPLICATE_METHOD_MATCH = YES;
				CODE_SIGN_IDENTITY = "iPhone Developer";
				COPY_PHASE_STRIP = NO;
				DEBUG_INFORMATION_FORMAT = dwarf;
				ENABLE_STRICT_OBJC_MSGSEND = YES;
				ENABLE_TESTABILITY = YES;
				GCC_C_LANGUAGE_STANDARD = gnu11;
				GCC_DYNAMIC_NO_PIC = NO;
				GCC_NO_COMMON_BLOCKS = YES;
				GCC_OPTIMIZATION_LEVEL = 0;
				GCC_PREPROCESSOR_DEFINITIONS = (
					"DEBUG=1",
					"$(inherited)",
				);
				GCC_WARN_64_TO_32_BIT_CONVERSION = YES;
				GCC_WARN_ABOUT_RETURN_TYPE = YES_ERROR;
				GCC_WARN_UNDECLARED_SELECTOR = YES;
				GCC_WARN_UNINITIALIZED_AUTOS = YES_AGGRESSIVE;
				GCC_WARN_UNUSED_FUNCTION = YES;
				GCC_WARN_UNUSED_VARIABLE = YES;
				IPHONEOS_DEPLOYMENT_TARGET = 11.2;
				MTL_ENABLE_DEBUG_INFO = YES;
				ONLY_ACTIVE_ARCH = YES;
				SDKROOT = iphoneos;
				SWIFT_ACTIVE_COMPILATION_CONDITIONS = DEBUG;
				SWIFT_OPTIMIZATION_LEVEL = "-Onone";
			};
			name = Debug;
		};
		2C1CB9572049B8F100410892 /* Release */ = {
			isa = XCBuildConfiguration;
			buildSettings = {
				ALWAYS_SEARCH_USER_PATHS = NO;
				CLANG_ANALYZER_NONNULL = YES;
				CLANG_ANALYZER_NUMBER_OBJECT_CONVERSION = YES_AGGRESSIVE;
				CLANG_CXX_LANGUAGE_STANDARD = "gnu++14";
				CLANG_CXX_LIBRARY = "libc++";
				CLANG_ENABLE_MODULES = YES;
				CLANG_ENABLE_OBJC_ARC = YES;
				CLANG_WARN_BLOCK_CAPTURE_AUTORELEASING = YES;
				CLANG_WARN_BOOL_CONVERSION = YES;
				CLANG_WARN_COMMA = YES;
				CLANG_WARN_CONSTANT_CONVERSION = YES;
				CLANG_WARN_DIRECT_OBJC_ISA_USAGE = YES_ERROR;
				CLANG_WARN_DOCUMENTATION_COMMENTS = YES;
				CLANG_WARN_EMPTY_BODY = YES;
				CLANG_WARN_ENUM_CONVERSION = YES;
				CLANG_WARN_INFINITE_RECURSION = YES;
				CLANG_WARN_INT_CONVERSION = YES;
				CLANG_WARN_NON_LITERAL_NULL_CONVERSION = YES;
				CLANG_WARN_OBJC_LITERAL_CONVERSION = YES;
				CLANG_WARN_OBJC_ROOT_CLASS = YES_ERROR;
				CLANG_WARN_RANGE_LOOP_ANALYSIS = YES;
				CLANG_WARN_STRICT_PROTOTYPES = YES;
				CLANG_WARN_SUSPICIOUS_MOVE = YES;
				CLANG_WARN_UNGUARDED_AVAILABILITY = YES_AGGRESSIVE;
				CLANG_WARN_UNREACHABLE_CODE = YES;
				CLANG_WARN__DUPLICATE_METHOD_MATCH = YES;
				CODE_SIGN_IDENTITY = "iPhone Developer";
				COPY_PHASE_STRIP = NO;
				DEBUG_INFORMATION_FORMAT = "dwarf-with-dsym";
				ENABLE_NS_ASSERTIONS = NO;
				ENABLE_STRICT_OBJC_MSGSEND = YES;
				GCC_C_LANGUAGE_STANDARD = gnu11;
				GCC_NO_COMMON_BLOCKS = YES;
				GCC_WARN_64_TO_32_BIT_CONVERSION = YES;
				GCC_WARN_ABOUT_RETURN_TYPE = YES_ERROR;
				GCC_WARN_UNDECLARED_SELECTOR = YES;
				GCC_WARN_UNINITIALIZED_AUTOS = YES_AGGRESSIVE;
				GCC_WARN_UNUSED_FUNCTION = YES;
				GCC_WARN_UNUSED_VARIABLE = YES;
				IPHONEOS_DEPLOYMENT_TARGET = 11.2;
				MTL_ENABLE_DEBUG_INFO = NO;
				SDKROOT = iphoneos;
				SWIFT_OPTIMIZATION_LEVEL = "-Owholemodule";
				VALIDATE_PRODUCT = YES;
			};
			name = Release;
		};
		2C1CB9592049B8F100410892 /* Debug */ = {
			isa = XCBuildConfiguration;
			baseConfigurationReference = 0DBEAFBDE3A1A1B5770C9CB3 /* Pods-ProjectCarmex.debug.xcconfig */;
			buildSettings = {
				ASSETCATALOG_COMPILER_APPICON_NAME = AppIcon;
				CODE_SIGN_STYLE = Automatic;
				DEVELOPMENT_TEAM = 3JAM2Y3P95;
				INFOPLIST_FILE = ProjectCarmex/Info.plist;
				LD_RUNPATH_SEARCH_PATHS = "$(inherited) @executable_path/Frameworks";
				PRODUCT_BUNDLE_IDENTIFIER = com.GSSystems.ProjectCarmex;
				PRODUCT_NAME = "$(TARGET_NAME)";
				SWIFT_VERSION = 4.0;
				TARGETED_DEVICE_FAMILY = "1,2";
			};
			name = Debug;
		};
		2C1CB95A2049B8F100410892 /* Release */ = {
			isa = XCBuildConfiguration;
			baseConfigurationReference = 57E6428771E49C421B12F22D /* Pods-ProjectCarmex.release.xcconfig */;
			buildSettings = {
				ASSETCATALOG_COMPILER_APPICON_NAME = AppIcon;
				CODE_SIGN_STYLE = Automatic;
				DEVELOPMENT_TEAM = 3JAM2Y3P95;
				INFOPLIST_FILE = ProjectCarmex/Info.plist;
				LD_RUNPATH_SEARCH_PATHS = "$(inherited) @executable_path/Frameworks";
				PRODUCT_BUNDLE_IDENTIFIER = com.GSSystems.ProjectCarmex;
				PRODUCT_NAME = "$(TARGET_NAME)";
				SWIFT_VERSION = 4.0;
				TARGETED_DEVICE_FAMILY = "1,2";
			};
			name = Release;
		};
/* End XCBuildConfiguration section */

/* Begin XCConfigurationList section */
		2C1CB93E2049B8F100410892 /* Build configuration list for PBXProject "ProjectCarmex" */ = {
			isa = XCConfigurationList;
			buildConfigurations = (
				2C1CB9562049B8F100410892 /* Debug */,
				2C1CB9572049B8F100410892 /* Release */,
			);
			defaultConfigurationIsVisible = 0;
			defaultConfigurationName = Release;
		};
		2C1CB9582049B8F100410892 /* Build configuration list for PBXNativeTarget "ProjectCarmex" */ = {
			isa = XCConfigurationList;
			buildConfigurations = (
				2C1CB9592049B8F100410892 /* Debug */,
				2C1CB95A2049B8F100410892 /* Release */,
			);
			defaultConfigurationIsVisible = 0;
			defaultConfigurationName = Release;
		};
/* End XCConfigurationList section */

/* Begin XCVersionGroup section */
		2C1CB94D2049B8F100410892 /* ProjectCarmex.xcdatamodeld */ = {
			isa = XCVersionGroup;
			children = (
				2C1CB94E2049B8F100410892 /* ProjectCarmex.xcdatamodel */,
			);
			currentVersion = 2C1CB94E2049B8F100410892 /* ProjectCarmex.xcdatamodel */;
			path = ProjectCarmex.xcdatamodeld;
			sourceTree = "<group>";
			versionGroupType = wrapper.xcdatamodel;
		};
/* End XCVersionGroup section */
	};
	rootObject = 2C1CB93B2049B8F100410892 /* Project object */;
}
